{
  "name": "multi-cliproxyapi",
  "version": "26.9.3",
  "lockfileVersion": 3,
  "requires": true,
  "packages": {
    "": {
      "name": "multi-cliproxyapi",
      "version": "26.9.3",
      "os": [
        "linux"
      ],
      "cpu": [
        "x64"
      ],
      "engines": { "node": ">=22.5.0" }
    }
  }
}
